
Microsoft Visual Studio Solution File, Format Version 12.00
# Visual Studio Version 17
VisualStudioVersion = 17.10.34916.146
MinimumVisualStudioVersion = 10.0.40219.1
Project("{FAE04EC0-301F-11D3-BF4B-00C04F79EFBC}") = "MyApiProject", "MyApiProject\MyApiProject.csproj", "{1664CCD9-043F-47CB-8B23-EAD5F7C7E7BA}"
EndProject
Global
	GlobalSection(SolutionConfigurationPlatforms) = preSolution
		Debug|Any CPU = Debug|Any CPU
		Release|Any CPU = Release|Any CPU
	EndGlobalSection
	GlobalSection(ProjectConfigurationPlatforms) = postSolution
		{1664CCD9-043F-47CB-8B23-EAD5F7C7E7BA}.Debug|Any CPU.ActiveCfg = Debug|Any CPU
		{1664CCD9-043F-47CB-8B23-EAD5F7C7E7BA}.Debug|Any CPU.Build.0 = Debug|Any CPU
		{1664CCD9-043F-47CB-8B23-EAD5F7C7E7BA}.Release|Any CPU.ActiveCfg = Release|Any CPU
		{1664CCD9-043F-47CB-8B23-EAD5F7C7E7BA}.Release|Any CPU.Build.0 = Release|Any CPU
	EndGlobalSection
	GlobalSection(SolutionProperties) = preSolution
		HideSolutionNode = FALSE
	EndGlobalSection
	GlobalSection(ExtensibilityGlobals) = postSolution
		SolutionGuid = {718A2FCD-2214-4F3E-B82C-590D2C741C6C}
	EndGlobalSection
EndGlobal
