
Microsoft Visual Studio Solution File, Format Version 12.00
# Visual Studio Version 17
VisualStudioVersion = 17.9.34728.123
MinimumVisualStudioVersion = 10.0.40219.1
Project("{54A90642-561A-4BB1-A94E-469ADEE60C69}") = "AngularProject1", "AngularProject1\AngularProject1.esproj", "{44952341-8C80-4CB1-ADC1-62D555BCEEE4}"
EndProject
Global
	GlobalSection(SolutionConfigurationPlatforms) = preSolution
		Debug|Any CPU = Debug|Any CPU
		Release|Any CPU = Release|Any CPU
	EndGlobalSection
	GlobalSection(ProjectConfigurationPlatforms) = postSolution
		{44952341-8C80-4CB1-ADC1-62D555BCEEE4}.Debug|Any CPU.ActiveCfg = Debug|Any CPU
		{44952341-8C80-4CB1-ADC1-62D555BCEEE4}.Debug|Any CPU.Build.0 = Debug|Any CPU
		{44952341-8C80-4CB1-ADC1-62D555BCEEE4}.Debug|Any CPU.Deploy.0 = Debug|Any CPU
		{44952341-8C80-4CB1-ADC1-62D555BCEEE4}.Release|Any CPU.ActiveCfg = Release|Any CPU
		{44952341-8C80-4CB1-ADC1-62D555BCEEE4}.Release|Any CPU.Build.0 = Release|Any CPU
		{44952341-8C80-4CB1-ADC1-62D555BCEEE4}.Release|Any CPU.Deploy.0 = Release|Any CPU
	EndGlobalSection
	GlobalSection(SolutionProperties) = preSolution
		HideSolutionNode = FALSE
	EndGlobalSection
	GlobalSection(ExtensibilityGlobals) = postSolution
		SolutionGuid = {D07692D1-FF3A-472B-830E-55700C97C4E2}
	EndGlobalSection
EndGlobal
