
Microsoft Visual Studio Solution File, Format Version 12.00
# Visual Studio Version 17
VisualStudioVersion = 17.9.34728.123
MinimumVisualStudioVersion = 10.0.40219.1
Project("{FAE04EC0-301F-11D3-BF4B-00C04F79EFBC}") = "AngularApp1.Server", "AngularApp1.Server\AngularApp1.Server.csproj", "{4F620C44-5652-434A-BA4A-E22CCC8B34D8}"
EndProject
Project("{54A90642-561A-4BB1-A94E-469ADEE60C69}") = "angularapp1.client", "angularapp1.client\angularapp1.client.esproj", "{4949141D-0407-4FA5-8AFF-38160B9A6DF8}"
EndProject
Global
	GlobalSection(SolutionConfigurationPlatforms) = preSolution
		Debug|Any CPU = Debug|Any CPU
		Release|Any CPU = Release|Any CPU
	EndGlobalSection
	GlobalSection(ProjectConfigurationPlatforms) = postSolution
		{4F620C44-5652-434A-BA4A-E22CCC8B34D8}.Debug|Any CPU.ActiveCfg = Debug|Any CPU
		{4F620C44-5652-434A-BA4A-E22CCC8B34D8}.Debug|Any CPU.Build.0 = Debug|Any CPU
		{4F620C44-5652-434A-BA4A-E22CCC8B34D8}.Release|Any CPU.ActiveCfg = Release|Any CPU
		{4F620C44-5652-434A-BA4A-E22CCC8B34D8}.Release|Any CPU.Build.0 = Release|Any CPU
		{4949141D-0407-4FA5-8AFF-38160B9A6DF8}.Debug|Any CPU.ActiveCfg = Debug|Any CPU
		{4949141D-0407-4FA5-8AFF-38160B9A6DF8}.Debug|Any CPU.Build.0 = Debug|Any CPU
		{4949141D-0407-4FA5-8AFF-38160B9A6DF8}.Debug|Any CPU.Deploy.0 = Debug|Any CPU
		{4949141D-0407-4FA5-8AFF-38160B9A6DF8}.Release|Any CPU.ActiveCfg = Release|Any CPU
		{4949141D-0407-4FA5-8AFF-38160B9A6DF8}.Release|Any CPU.Build.0 = Release|Any CPU
		{4949141D-0407-4FA5-8AFF-38160B9A6DF8}.Release|Any CPU.Deploy.0 = Release|Any CPU
	EndGlobalSection
	GlobalSection(SolutionProperties) = preSolution
		HideSolutionNode = FALSE
	EndGlobalSection
	GlobalSection(ExtensibilityGlobals) = postSolution
		SolutionGuid = {C7C2413B-4C32-491F-AC0B-A05C60808E58}
	EndGlobalSection
EndGlobal
