
Microsoft Visual Studio Solution File, Format Version 12.00
# Visual Studio Version 17
VisualStudioVersion = 17.9.34728.123
MinimumVisualStudioVersion = 10.0.40219.1
Project("{FAE04EC0-301F-11D3-BF4B-00C04F79EFBC}") = "AngularApp3.Server", "AngularApp3.Server\AngularApp3.Server.csproj", "{1F26760F-FE3B-453A-AC83-84C005CFB2B3}"
EndProject
Project("{54A90642-561A-4BB1-A94E-469ADEE60C69}") = "angularapp3.client", "angularapp3.client\angularapp3.client.esproj", "{90F95A79-3358-4FB1-A1E7-CD15E8FC3E28}"
EndProject
Global
	GlobalSection(SolutionConfigurationPlatforms) = preSolution
		Debug|Any CPU = Debug|Any CPU
		Release|Any CPU = Release|Any CPU
	EndGlobalSection
	GlobalSection(ProjectConfigurationPlatforms) = postSolution
		{1F26760F-FE3B-453A-AC83-84C005CFB2B3}.Debug|Any CPU.ActiveCfg = Debug|Any CPU
		{1F26760F-FE3B-453A-AC83-84C005CFB2B3}.Debug|Any CPU.Build.0 = Debug|Any CPU
		{1F26760F-FE3B-453A-AC83-84C005CFB2B3}.Release|Any CPU.ActiveCfg = Release|Any CPU
		{1F26760F-FE3B-453A-AC83-84C005CFB2B3}.Release|Any CPU.Build.0 = Release|Any CPU
		{90F95A79-3358-4FB1-A1E7-CD15E8FC3E28}.Debug|Any CPU.ActiveCfg = Debug|Any CPU
		{90F95A79-3358-4FB1-A1E7-CD15E8FC3E28}.Debug|Any CPU.Build.0 = Debug|Any CPU
		{90F95A79-3358-4FB1-A1E7-CD15E8FC3E28}.Debug|Any CPU.Deploy.0 = Debug|Any CPU
		{90F95A79-3358-4FB1-A1E7-CD15E8FC3E28}.Release|Any CPU.ActiveCfg = Release|Any CPU
		{90F95A79-3358-4FB1-A1E7-CD15E8FC3E28}.Release|Any CPU.Build.0 = Release|Any CPU
		{90F95A79-3358-4FB1-A1E7-CD15E8FC3E28}.Release|Any CPU.Deploy.0 = Release|Any CPU
	EndGlobalSection
	GlobalSection(SolutionProperties) = preSolution
		HideSolutionNode = FALSE
	EndGlobalSection
	GlobalSection(ExtensibilityGlobals) = postSolution
		SolutionGuid = {E8C5663B-13A2-4DC0-957C-127DCAAE8FA8}
	EndGlobalSection
EndGlobal
